
Microsoft Visual Studio Solution File, Format Version 12.00
# Visual Studio Version 17
VisualStudioVersion = 17.14.36623.8 d17.14
MinimumVisualStudioVersion = 10.0.40219.1
Project("{FAE04EC0-301F-11D3-BF4B-00C04F79EFBC}") = "PizzArena_API", "PizzArena_API\PizzArena_API.csproj", "{97D206BE-90C4-4378-BE25-7E5F20659DCC}"
EndProject
Global
	GlobalSection(SolutionConfigurationPlatforms) = preSolution
		Debug|Any CPU = Debug|Any CPU
		Release|Any CPU = Release|Any CPU
	EndGlobalSection
	GlobalSection(ProjectConfigurationPlatforms) = postSolution
		{97D206BE-90C4-4378-BE25-7E5F20659DCC}.Debug|Any CPU.ActiveCfg = Debug|Any CPU
		{97D206BE-90C4-4378-BE25-7E5F20659DCC}.Debug|Any CPU.Build.0 = Debug|Any CPU
		{97D206BE-90C4-4378-BE25-7E5F20659DCC}.Release|Any CPU.ActiveCfg = Release|Any CPU
		{97D206BE-90C4-4378-BE25-7E5F20659DCC}.Release|Any CPU.Build.0 = Release|Any CPU
	EndGlobalSection
	GlobalSection(SolutionProperties) = preSolution
		HideSolutionNode = FALSE
	EndGlobalSection
	GlobalSection(ExtensibilityGlobals) = postSolution
		SolutionGuid = {3E4A3624-6AC0-4AE3-89E0-1F567D283A9A}
	EndGlobalSection
EndGlobal
